
Microsoft Visual Studio Solution File, Format Version 12.00
# Visual Studio Version 17
VisualStudioVersion = 17.7.34031.279
MinimumVisualStudioVersion = 10.0.40219.1
Project("{9A19103F-16F7-4668-BE54-9A1E7A4F7556}") = "PruebaUnitaria", "PruebaUnitaria\PruebaUnitaria.csproj", "{141C6E02-680F-41A6-ACA1-6883F47935DB}"
EndProject
Project("{FAE04EC0-301F-11D3-BF4B-00C04F79EFBC}") = "PruebaUnitariaTests1", "PruebaUnitariaTests1\PruebaUnitariaTests1.csproj", "{9E975869-27F3-4253-A23A-DDF1F1963361}"
EndProject
Global
	GlobalSection(SolutionConfigurationPlatforms) = preSolution
		Debug|Any CPU = Debug|Any CPU
		Release|Any CPU = Release|Any CPU
	EndGlobalSection
	GlobalSection(ProjectConfigurationPlatforms) = postSolution
		{141C6E02-680F-41A6-ACA1-6883F47935DB}.Debug|Any CPU.ActiveCfg = Debug|Any CPU
		{141C6E02-680F-41A6-ACA1-6883F47935DB}.Debug|Any CPU.Build.0 = Debug|Any CPU
		{141C6E02-680F-41A6-ACA1-6883F47935DB}.Release|Any CPU.ActiveCfg = Release|Any CPU
		{141C6E02-680F-41A6-ACA1-6883F47935DB}.Release|Any CPU.Build.0 = Release|Any CPU
		{9E975869-27F3-4253-A23A-DDF1F1963361}.Debug|Any CPU.ActiveCfg = Debug|Any CPU
		{9E975869-27F3-4253-A23A-DDF1F1963361}.Debug|Any CPU.Build.0 = Debug|Any CPU
		{9E975869-27F3-4253-A23A-DDF1F1963361}.Release|Any CPU.ActiveCfg = Release|Any CPU
		{9E975869-27F3-4253-A23A-DDF1F1963361}.Release|Any CPU.Build.0 = Release|Any CPU
	EndGlobalSection
	GlobalSection(SolutionProperties) = preSolution
		HideSolutionNode = FALSE
	EndGlobalSection
	GlobalSection(ExtensibilityGlobals) = postSolution
		SolutionGuid = {6E20122E-A6D2-4854-93D9-7FDE1CE3EC60}
	EndGlobalSection
EndGlobal
