
Microsoft Visual Studio Solution File, Format Version 12.00
# Visual Studio Version 17
VisualStudioVersion = 17.8.34511.84
MinimumVisualStudioVersion = 10.0.40219.1
Project("{FAE04EC0-301F-11D3-BF4B-00C04F79EFBC}") = "AhorcadoMAUI", "AhorcadoMAUI\AhorcadoMAUI.csproj", "{57FC8A1C-3792-4EE3-ABBF-16CB3EAECFB5}"
EndProject
Global
	GlobalSection(SolutionConfigurationPlatforms) = preSolution
		Debug|Any CPU = Debug|Any CPU
		Release|Any CPU = Release|Any CPU
	EndGlobalSection
	GlobalSection(ProjectConfigurationPlatforms) = postSolution
		{57FC8A1C-3792-4EE3-ABBF-16CB3EAECFB5}.Debug|Any CPU.ActiveCfg = Debug|Any CPU
		{57FC8A1C-3792-4EE3-ABBF-16CB3EAECFB5}.Debug|Any CPU.Build.0 = Debug|Any CPU
		{57FC8A1C-3792-4EE3-ABBF-16CB3EAECFB5}.Debug|Any CPU.Deploy.0 = Debug|Any CPU
		{57FC8A1C-3792-4EE3-ABBF-16CB3EAECFB5}.Release|Any CPU.ActiveCfg = Release|Any CPU
		{57FC8A1C-3792-4EE3-ABBF-16CB3EAECFB5}.Release|Any CPU.Build.0 = Release|Any CPU
		{57FC8A1C-3792-4EE3-ABBF-16CB3EAECFB5}.Release|Any CPU.Deploy.0 = Release|Any CPU
	EndGlobalSection
	GlobalSection(SolutionProperties) = preSolution
		HideSolutionNode = FALSE
	EndGlobalSection
	GlobalSection(ExtensibilityGlobals) = postSolution
		SolutionGuid = {8AFD2168-411C-4F23-A2EB-3969D33B72D3}
	EndGlobalSection
EndGlobal
