
Microsoft Visual Studio Solution File, Format Version 12.00
# Visual Studio Version 17
VisualStudioVersion = 17.8.34316.72
MinimumVisualStudioVersion = 10.0.40219.1
Project("{FAE04EC0-301F-11D3-BF4B-00C04F79EFBC}") = "Examen", "Examen\Examen.csproj", "{819A2ADE-92DB-4504-9361-277471A553A8}"
EndProject
Project("{FAE04EC0-301F-11D3-BF4B-00C04F79EFBC}") = "Ejercicio2Exam", "Ejercicio2Exam\Ejercicio2Exam.csproj", "{4F5C8E9A-E8FF-4686-B6CC-6FF30748C1FB}"
EndProject
Global
	GlobalSection(SolutionConfigurationPlatforms) = preSolution
		Debug|Any CPU = Debug|Any CPU
		Release|Any CPU = Release|Any CPU
	EndGlobalSection
	GlobalSection(ProjectConfigurationPlatforms) = postSolution
		{819A2ADE-92DB-4504-9361-277471A553A8}.Debug|Any CPU.ActiveCfg = Debug|Any CPU
		{819A2ADE-92DB-4504-9361-277471A553A8}.Debug|Any CPU.Build.0 = Debug|Any CPU
		{819A2ADE-92DB-4504-9361-277471A553A8}.Release|Any CPU.ActiveCfg = Release|Any CPU
		{819A2ADE-92DB-4504-9361-277471A553A8}.Release|Any CPU.Build.0 = Release|Any CPU
		{4F5C8E9A-E8FF-4686-B6CC-6FF30748C1FB}.Debug|Any CPU.ActiveCfg = Debug|Any CPU
		{4F5C8E9A-E8FF-4686-B6CC-6FF30748C1FB}.Debug|Any CPU.Build.0 = Debug|Any CPU
		{4F5C8E9A-E8FF-4686-B6CC-6FF30748C1FB}.Release|Any CPU.ActiveCfg = Release|Any CPU
		{4F5C8E9A-E8FF-4686-B6CC-6FF30748C1FB}.Release|Any CPU.Build.0 = Release|Any CPU
	EndGlobalSection
	GlobalSection(SolutionProperties) = preSolution
		HideSolutionNode = FALSE
	EndGlobalSection
	GlobalSection(ExtensibilityGlobals) = postSolution
		SolutionGuid = {2587A9D0-F60A-4074-BDEA-59853E80BA4C}
	EndGlobalSection
EndGlobal
