
Microsoft Visual Studio Solution File, Format Version 12.00
# Visual Studio Version 17
VisualStudioVersion = 17.9.34607.119
MinimumVisualStudioVersion = 10.0.40219.1
Project("{FAE04EC0-301F-11D3-BF4B-00C04F79EFBC}") = "UltRepaso2Silvia", "UltRepaso2Silvia\UltRepaso2Silvia.csproj", "{A6E9E8E9-8F3B-4048-8B6D-191BE9DD0DA8}"
EndProject
Global
	GlobalSection(SolutionConfigurationPlatforms) = preSolution
		Debug|Any CPU = Debug|Any CPU
		Release|Any CPU = Release|Any CPU
	EndGlobalSection
	GlobalSection(ProjectConfigurationPlatforms) = postSolution
		{A6E9E8E9-8F3B-4048-8B6D-191BE9DD0DA8}.Debug|Any CPU.ActiveCfg = Debug|Any CPU
		{A6E9E8E9-8F3B-4048-8B6D-191BE9DD0DA8}.Debug|Any CPU.Build.0 = Debug|Any CPU
		{A6E9E8E9-8F3B-4048-8B6D-191BE9DD0DA8}.Debug|Any CPU.Deploy.0 = Debug|Any CPU
		{A6E9E8E9-8F3B-4048-8B6D-191BE9DD0DA8}.Release|Any CPU.ActiveCfg = Release|Any CPU
		{A6E9E8E9-8F3B-4048-8B6D-191BE9DD0DA8}.Release|Any CPU.Build.0 = Release|Any CPU
		{A6E9E8E9-8F3B-4048-8B6D-191BE9DD0DA8}.Release|Any CPU.Deploy.0 = Release|Any CPU
	EndGlobalSection
	GlobalSection(SolutionProperties) = preSolution
		HideSolutionNode = FALSE
	EndGlobalSection
	GlobalSection(ExtensibilityGlobals) = postSolution
		SolutionGuid = {64610046-6A60-4F06-A2D8-5ED5B3419F0E}
	EndGlobalSection
EndGlobal
