
Microsoft Visual Studio Solution File, Format Version 12.00
# Visual Studio Version 17
VisualStudioVersion = 17.8.34330.188
MinimumVisualStudioVersion = 10.0.40219.1
Project("{FAE04EC0-301F-11D3-BF4B-00C04F79EFBC}") = "ExamenRecuDEINT", "ExamenRecuDEINT\ExamenRecuDEINT.csproj", "{A099E166-BC60-4176-83D9-66DCCEC474FF}"
EndProject
Global
	GlobalSection(SolutionConfigurationPlatforms) = preSolution
		Debug|Any CPU = Debug|Any CPU
		Release|Any CPU = Release|Any CPU
	EndGlobalSection
	GlobalSection(ProjectConfigurationPlatforms) = postSolution
		{A099E166-BC60-4176-83D9-66DCCEC474FF}.Debug|Any CPU.ActiveCfg = Debug|Any CPU
		{A099E166-BC60-4176-83D9-66DCCEC474FF}.Debug|Any CPU.Build.0 = Debug|Any CPU
		{A099E166-BC60-4176-83D9-66DCCEC474FF}.Release|Any CPU.ActiveCfg = Release|Any CPU
		{A099E166-BC60-4176-83D9-66DCCEC474FF}.Release|Any CPU.Build.0 = Release|Any CPU
	EndGlobalSection
	GlobalSection(SolutionProperties) = preSolution
		HideSolutionNode = FALSE
	EndGlobalSection
	GlobalSection(ExtensibilityGlobals) = postSolution
		SolutionGuid = {551C9461-4ECC-4DDC-A85D-B276E6039B2D}
	EndGlobalSection
EndGlobal
